// !$*UTF8*$!
{
	archiveVersion = 1;
	classes = {
	};
	objectVersion = 50;
	objects = {

/* Begin PBXBuildFile section */
		0D77D10D901B6A9F366C6080 /* Pods_Creative_mind_task2.framework in Frameworks */ = {isa = PBXBuildFile; fileRef = 0C5AF2F648E5A28E4FD0C308 /* Pods_Creative_mind_task2.framework */; };
		80D505EF20E2307C00313DA5 /* AppDelegate.swift in Sources */ = {isa = PBXBuildFile; fileRef = 80D505EE20E2307C00313DA5 /* AppDelegate.swift */; };
		80D505F120E2307C00313DA5 /* ViewController.swift in Sources */ = {isa = PBXBuildFile; fileRef = 80D505F020E2307C00313DA5 /* ViewController.swift */; };
		80D505F420E2307C00313DA5 /* Main.storyboard in Resources */ = {isa = PBXBuildFile; fileRef = 80D505F220E2307C00313DA5 /* Main.storyboard */; };
		80D505F620E2307E00313DA5 /* Assets.xcassets in Resources */ = {isa = PBXBuildFile; fileRef = 80D505F520E2307E00313DA5 /* Assets.xcassets */; };
		80D505F920E2307E00313DA5 /* LaunchScreen.storyboard in Resources */ = {isa = PBXBuildFile; fileRef = 80D505F720E2307E00313DA5 /* LaunchScreen.storyboard */; };
		80D5060520E2316300313DA5 /* Repo.swift in Sources */ = {isa = PBXBuildFile; fileRef = 80D5060420E2316300313DA5 /* Repo.swift */; };
		80D5060720E2318200313DA5 /* API.swift in Sources */ = {isa = PBXBuildFile; fileRef = 80D5060620E2318200313DA5 /* API.swift */; };
		80D5060920E2362800313DA5 /* repoCellTableViewCell.swift in Sources */ = {isa = PBXBuildFile; fileRef = 80D5060820E2362800313DA5 /* repoCellTableViewCell.swift */; };
		80D5060D20E24D7900313DA5 /* htmlVC.swift in Sources */ = {isa = PBXBuildFile; fileRef = 80D5060C20E24D7900313DA5 /* htmlVC.swift */; };
/* End PBXBuildFile section */

/* Begin PBXFileReference section */
		0C5AF2F648E5A28E4FD0C308 /* Pods_Creative_mind_task2.framework */ = {isa = PBXFileReference; explicitFileType = wrapper.framework; includeInIndex = 0; path = Pods_Creative_mind_task2.framework; sourceTree = BUILT_PRODUCTS_DIR; };
		0D8A0B8438205549FDAA3B80 /* Pods-Creative_mind_task2.debug.xcconfig */ = {isa = PBXFileReference; includeInIndex = 1; lastKnownFileType = text.xcconfig; name = "Pods-Creative_mind_task2.debug.xcconfig"; path = "Pods/Target Support Files/Pods-Creative_mind_task2/Pods-Creative_mind_task2.debug.xcconfig"; sourceTree = "<group>"; };
		80D505EB20E2307C00313DA5 /* Creative_mind_task2.app */ = {isa = PBXFileReference; explicitFileType = wrapper.application; includeInIndex = 0; path = Creative_mind_task2.app; sourceTree = BUILT_PRODUCTS_DIR; };
		80D505EE20E2307C00313DA5 /* AppDelegate.swift */ = {isa = PBXFileReference; lastKnownFileType = sourcecode.swift; path = AppDelegate.swift; sourceTree = "<group>"; };
		80D505F020E2307C00313DA5 /* ViewController.swift */ = {isa = PBXFileReference; lastKnownFileType = sourcecode.swift; path = ViewController.swift; sourceTree = "<group>"; };
		80D505F320E2307C00313DA5 /* Base */ = {isa = PBXFileReference; lastKnownFileType = file.storyboard; name = Base; path = Base.lproj/Main.storyboard; sourceTree = "<group>"; };
		80D505F520E2307E00313DA5 /* Assets.xcassets */ = {isa = PBXFileReference; lastKnownFileType = folder.assetcatalog; path = Assets.xcassets; sourceTree = "<group>"; };
		80D505F820E2307E00313DA5 /* Base */ = {isa = PBXFileReference; lastKnownFileType = file.storyboard; name = Base; path = Base.lproj/LaunchScreen.storyboard; sourceTree = "<group>"; };
		80D505FA20E2307E00313DA5 /* Info.plist */ = {isa = PBXFileReference; lastKnownFileType = text.plist.xml; path = Info.plist; sourceTree = "<group>"; };
		80D5060420E2316300313DA5 /* Repo.swift */ = {isa = PBXFileReference; lastKnownFileType = sourcecode.swift; path = Repo.swift; sourceTree = "<group>"; };
		80D5060620E2318200313DA5 /* API.swift */ = {isa = PBXFileReference; lastKnownFileType = sourcecode.swift; path = API.swift; sourceTree = "<group>"; };
		80D5060820E2362800313DA5 /* repoCellTableViewCell.swift */ = {isa = PBXFileReference; lastKnownFileType = sourcecode.swift; path = repoCellTableViewCell.swift; sourceTree = "<group>"; };
		80D5060C20E24D7900313DA5 /* htmlVC.swift */ = {isa = PBXFileReference; lastKnownFileType = sourcecode.swift; path = htmlVC.swift; sourceTree = "<group>"; };
		C6E20B81784BD0FBAA38D59F /* Pods-Creative_mind_task2.release.xcconfig */ = {isa = PBXFileReference; includeInIndex = 1; lastKnownFileType = text.xcconfig; name = "Pods-Creative_mind_task2.release.xcconfig"; path = "Pods/Target Support Files/Pods-Creative_mind_task2/Pods-Creative_mind_task2.release.xcconfig"; sourceTree = "<group>"; };
/* End PBXFileReference section */

/* Begin PBXFrameworksBuildPhase section */
		80D505E820E2307C00313DA5 /* Frameworks */ = {
			isa = PBXFrameworksBuildPhase;
			buildActionMask = 2147483647;
			files = (
				0D77D10D901B6A9F366C6080 /* Pods_Creative_mind_task2.framework in Frameworks */,
			);
			runOnlyForDeploymentPostprocessing = 0;
		};
/* End PBXFrameworksBuildPhase section */

/* Begin PBXGroup section */
		80D505E220E2307C00313DA5 = {
			isa = PBXGroup;
			children = (
				80D505ED20E2307C00313DA5 /* Creative_mind_task2 */,
				80D505EC20E2307C00313DA5 /* Products */,
				8B48F2F3F9A6CD46AC92C1E2 /* Pods */,
				CCB8E9B7189D24FF0B898D68 /* Frameworks */,
			);
			sourceTree = "<group>";
		};
		80D505EC20E2307C00313DA5 /* Products */ = {
			isa = PBXGroup;
			children = (
				80D505EB20E2307C00313DA5 /* Creative_mind_task2.app */,
			);
			name = Products;
			sourceTree = "<group>";
		};
		80D505ED20E2307C00313DA5 /* Creative_mind_task2 */ = {
			isa = PBXGroup;
			children = (
				80D5060320E2309A00313DA5 /* API */,
				80D5060220E2309400313DA5 /* model */,
				80D5060120E2308F00313DA5 /* view */,
				80D5060020E2308900313DA5 /* controller */,
				80D505EE20E2307C00313DA5 /* AppDelegate.swift */,
				80D505F520E2307E00313DA5 /* Assets.xcassets */,
				80D505FA20E2307E00313DA5 /* Info.plist */,
			);
			path = Creative_mind_task2;
			sourceTree = "<group>";
		};
		80D5060020E2308900313DA5 /* controller */ = {
			isa = PBXGroup;
			children = (
				80D505F020E2307C00313DA5 /* ViewController.swift */,
				80D5060820E2362800313DA5 /* repoCellTableViewCell.swift */,
				80D5060C20E24D7900313DA5 /* htmlVC.swift */,
			);
			path = controller;
			sourceTree = "<group>";
		};
		80D5060120E2308F00313DA5 /* view */ = {
			isa = PBXGroup;
			children = (
				80D505F220E2307C00313DA5 /* Main.storyboard */,
				80D505F720E2307E00313DA5 /* LaunchScreen.storyboard */,
			);
			path = view;
			sourceTree = "<group>";
		};
		80D5060220E2309400313DA5 /* model */ = {
			isa = PBXGroup;
			children = (
				80D5060420E2316300313DA5 /* Repo.swift */,
			);
			path = model;
			sourceTree = "<group>";
		};
		80D5060320E2309A00313DA5 /* API */ = {
			isa = PBXGroup;
			children = (
				80D5060620E2318200313DA5 /* API.swift */,
			);
			path = API;
			sourceTree = "<group>";
		};
		8B48F2F3F9A6CD46AC92C1E2 /* Pods */ = {
			isa = PBXGroup;
			children = (
				0D8A0B8438205549FDAA3B80 /* Pods-Creative_mind_task2.debug.xcconfig */,
				C6E20B81784BD0FBAA38D59F /* Pods-Creative_mind_task2.release.xcconfig */,
			);
			name = Pods;
			sourceTree = "<group>";
		};
		CCB8E9B7189D24FF0B898D68 /* Frameworks */ = {
			isa = PBXGroup;
			children = (
				0C5AF2F648E5A28E4FD0C308 /* Pods_Creative_mind_task2.framework */,
			);
			name = Frameworks;
			sourceTree = "<group>";
		};
/* End PBXGroup section */

/* Begin PBXNativeTarget section */
		80D505EA20E2307C00313DA5 /* Creative_mind_task2 */ = {
			isa = PBXNativeTarget;
			buildConfigurationList = 80D505FD20E2307E00313DA5 /* Build configuration list for PBXNativeTarget "Creative_mind_task2" */;
			buildPhases = (
				788D51BF028276F3556FF65D /* [CP] Check Pods Manifest.lock */,
				80D505E720E2307C00313DA5 /* Sources */,
				80D505E820E2307C00313DA5 /* Frameworks */,
				80D505E920E2307C00313DA5 /* Resources */,
				5F01D1DD13DC7C8EC4E0DDBE /* [CP] Embed Pods Frameworks */,
			);
			buildRules = (
			);
			dependencies = (
			);
			name = Creative_mind_task2;
			productName = Creative_mind_task2;
			productReference = 80D505EB20E2307C00313DA5 /* Creative_mind_task2.app */;
			productType = "com.apple.product-type.application";
		};
/* End PBXNativeTarget section */

/* Begin PBXProject section */
		80D505E320E2307C00313DA5 /* Project object */ = {
			isa = PBXProject;
			attributes = {
				LastSwiftUpdateCheck = 0930;
				LastUpgradeCheck = 0930;
				ORGANIZATIONNAME = ahmedxiio;
				TargetAttributes = {
					80D505EA20E2307C00313DA5 = {
						CreatedOnToolsVersion = 9.3;
					};
				};
			};
			buildConfigurationList = 80D505E620E2307C00313DA5 /* Build configuration list for PBXProject "Creative_mind_task2" */;
			compatibilityVersion = "Xcode 9.3";
			developmentRegion = en;
			hasScannedForEncodings = 0;
			knownRegions = (
				en,
				Base,
			);
			mainGroup = 80D505E220E2307C00313DA5;
			productRefGroup = 80D505EC20E2307C00313DA5 /* Products */;
			projectDirPath = "";
			projectRoot = "";
			targets = (
				80D505EA20E2307C00313DA5 /* Creative_mind_task2 */,
			);
		};
/* End PBXProject section */

/* Begin PBXResourcesBuildPhase section */
		80D505E920E2307C00313DA5 /* Resources */ = {
			isa = PBXResourcesBuildPhase;
			buildActionMask = 2147483647;
			files = (
				80D505F920E2307E00313DA5 /* LaunchScreen.storyboard in Resources */,
				80D505F620E2307E00313DA5 /* Assets.xcassets in Resources */,
				80D505F420E2307C00313DA5 /* Main.storyboard in Resources */,
			);
			runOnlyForDeploymentPostprocessing = 0;
		};
/* End PBXResourcesBuildPhase section */

/* Begin PBXShellScriptBuildPhase section */
		5F01D1DD13DC7C8EC4E0DDBE /* [CP] Embed Pods Frameworks */ = {
			isa = PBXShellScriptBuildPhase;
			buildActionMask = 2147483647;
			files = (
			);
			inputPaths = (
				"${SRCROOT}/Pods/Target Support Files/Pods-Creative_mind_task2/Pods-Creative_mind_task2-frameworks.sh",
				"${BUILT_PRODUCTS_DIR}/Alamofire/Alamofire.framework",
				"${BUILT_PRODUCTS_DIR}/SwiftyJSON/SwiftyJSON.framework",
			);
			name = "[CP] Embed Pods Frameworks";
			outputPaths = (
				"${TARGET_BUILD_DIR}/${FRAMEWORKS_FOLDER_PATH}/Alamofire.framework",
				"${TARGET_BUILD_DIR}/${FRAMEWORKS_FOLDER_PATH}/SwiftyJSON.framework",
			);
			runOnlyForDeploymentPostprocessing = 0;
			shellPath = /bin/sh;
			shellScript = "\"${SRCROOT}/Pods/Target Support Files/Pods-Creative_mind_task2/Pods-Creative_mind_task2-frameworks.sh\"\n";
			showEnvVarsInLog = 0;
		};
		788D51BF028276F3556FF65D /* [CP] Check Pods Manifest.lock */ = {
			isa = PBXShellScriptBuildPhase;
			buildActionMask = 2147483647;
			files = (
			);
			inputPaths = (
				"${PODS_PODFILE_DIR_PATH}/Podfile.lock",
				"${PODS_ROOT}/Manifest.lock",
			);
			name = "[CP] Check Pods Manifest.lock";
			outputPaths = (
				"$(DERIVED_FILE_DIR)/Pods-Creative_mind_task2-checkManifestLockResult.txt",
			);
			runOnlyForDeploymentPostprocessing = 0;
			shellPath = /bin/sh;
			shellScript = "diff \"${PODS_PODFILE_DIR_PATH}/Podfile.lock\" \"${PODS_ROOT}/Manifest.lock\" > /dev/null\nif [ $? != 0 ] ; then\n    # print error to STDERR\n    echo \"error: The sandbox is not in sync with the Podfile.lock. Run 'pod install' or update your CocoaPods installation.\" >&2\n    exit 1\nfi\n# This output is used by Xcode 'outputs' to avoid re-running this script phase.\necho \"SUCCESS\" > \"${SCRIPT_OUTPUT_FILE_0}\"\n";
			showEnvVarsInLog = 0;
		};
/* End PBXShellScriptBuildPhase section */

/* Begin PBXSourcesBuildPhase section */
		80D505E720E2307C00313DA5 /* Sources */ = {
			isa = PBXSourcesBuildPhase;
			buildActionMask = 2147483647;
			files = (
				80D5060D20E24D7900313DA5 /* htmlVC.swift in Sources */,
				80D5060520E2316300313DA5 /* Repo.swift in Sources */,
				80D505F120E2307C00313DA5 /* ViewController.swift in Sources */,
				80D5060920E2362800313DA5 /* repoCellTableViewCell.swift in Sources */,
				80D5060720E2318200313DA5 /* API.swift in Sources */,
				80D505EF20E2307C00313DA5 /* AppDelegate.swift in Sources */,
			);
			runOnlyForDeploymentPostprocessing = 0;
		};
/* End PBXSourcesBuildPhase section */

/* Begin PBXVariantGroup section */
		80D505F220E2307C00313DA5 /* Main.storyboard */ = {
			isa = PBXVariantGroup;
			children = (
				80D505F320E2307C00313DA5 /* Base */,
			);
			name = Main.storyboard;
			sourceTree = "<group>";
		};
		80D505F720E2307E00313DA5 /* LaunchScreen.storyboard */ = {
			isa = PBXVariantGroup;
			children = (
				80D505F820E2307E00313DA5 /* Base */,
			);
			name = LaunchScreen.storyboard;
			sourceTree = "<group>";
		};
/* End PBXVariantGroup section */

/* Begin XCBuildConfiguration section */
		80D505FB20E2307E00313DA5 /* Debug */ = {
			isa = XCBuildConfiguration;
			buildSettings = {
				ALWAYS_SEARCH_USER_PATHS = NO;
				CLANG_ANALYZER_NONNULL = YES;
				CLANG_ANALYZER_NUMBER_OBJECT_CONVERSION = YES_AGGRESSIVE;
				CLANG_CXX_LANGUAGE_STANDARD = "gnu++14";
				CLANG_CXX_LIBRARY = "libc++";
				CLANG_ENABLE_MODULES = YES;
				CLANG_ENABLE_OBJC_ARC = YES;
				CLANG_ENABLE_OBJC_WEAK = YES;
				CLANG_WARN_BLOCK_CAPTURE_AUTORELEASING = YES;
				CLANG_WARN_BOOL_CONVERSION = YES;
				CLANG_WARN_COMMA = YES;
				CLANG_WARN_CONSTANT_CONVERSION = YES;
				CLANG_WARN_DEPRECATED_OBJC_IMPLEMENTATIONS = YES;
				CLANG_WARN_DIRECT_OBJC_ISA_USAGE = YES_ERROR;
				CLANG_WARN_DOCUMENTATION_COMMENTS = YES;
				CLANG_WARN_EMPTY_BODY = YES;
				CLANG_WARN_ENUM_CONVERSION = YES;
				CLANG_WARN_INFINITE_RECURSION = YES;
				CLANG_WARN_INT_CONVERSION = YES;
				CLANG_WARN_NON_LITERAL_NULL_CONVERSION = YES;
				CLANG_WARN_OBJC_IMPLICIT_RETAIN_SELF = YES;
				CLANG_WARN_OBJC_LITERAL_CONVERSION = YES;
				CLANG_WARN_OBJC_ROOT_CLASS = YES_ERROR;
				CLANG_WARN_RANGE_LOOP_ANALYSIS = YES;
				CLANG_WARN_STRICT_PROTOTYPES = YES;
				CLANG_WARN_SUSPICIOUS_MOVE = YES;
				CLANG_WARN_UNGUARDED_AVAILABILITY = YES_AGGRESSIVE;
				CLANG_WARN_UNREACHABLE_CODE = YES;
				CLANG_WARN__DUPLICATE_METHOD_MATCH = YES;
				CODE_SIGN_IDENTITY = "iPhone Developer";
				COPY_PHASE_STRIP = NO;
				DEBUG_INFORMATION_FORMAT = dwarf;
				ENABLE_STRICT_OBJC_MSGSEND = YES;
				ENABLE_TESTABILITY = YES;
				GCC_C_LANGUAGE_STANDARD = gnu11;
				GCC_DYNAMIC_NO_PIC = NO;
				GCC_NO_COMMON_BLOCKS = YES;
				GCC_OPTIMIZATION_LEVEL = 0;
				GCC_PREPROCESSOR_DEFINITIONS = (
					"DEBUG=1",
					"$(inherited)",
				);
				GCC_WARN_64_TO_32_BIT_CONVERSION = YES;
				GCC_WARN_ABOUT_RETURN_TYPE = YES_ERROR;
				GCC_WARN_UNDECLARED_SELECTOR = YES;
				GCC_WARN_UNINITIALIZED_AUTOS = YES_AGGRESSIVE;
				GCC_WARN_UNUSED_FUNCTION = YES;
				GCC_WARN_UNUSED_VARIABLE = YES;
				IPHONEOS_DEPLOYMENT_TARGET = 11.3;
				MTL_ENABLE_DEBUG_INFO = YES;
				ONLY_ACTIVE_ARCH = YES;
				SDKROOT = iphoneos;
				SWIFT_ACTIVE_COMPILATION_CONDITIONS = DEBUG;
				SWIFT_OPTIMIZATION_LEVEL = "-Onone";
			};
			name = Debug;
		};
		80D505FC20E2307E00313DA5 /* Release */ = {
			isa = XCBuildConfiguration;
			buildSettings = {
				ALWAYS_SEARCH_USER_PATHS = NO;
				CLANG_ANALYZER_NONNULL = YES;
				CLANG_ANALYZER_NUMBER_OBJECT_CONVERSION = YES_AGGRESSIVE;
				CLANG_CXX_LANGUAGE_STANDARD = "gnu++14";
				CLANG_CXX_LIBRARY = "libc++";
				CLANG_ENABLE_MODULES = YES;
				CLANG_ENABLE_OBJC_ARC = YES;
				CLANG_ENABLE_OBJC_WEAK = YES;
				CLANG_WARN_BLOCK_CAPTURE_AUTORELEASING = YES;
				CLANG_WARN_BOOL_CONVERSION = YES;
				CLANG_WARN_COMMA = YES;
				CLANG_WARN_CONSTANT_CONVERSION = YES;
				CLANG_WARN_DEPRECATED_OBJC_IMPLEMENTATIONS = YES;
				CLANG_WARN_DIRECT_OBJC_ISA_USAGE = YES_ERROR;
				CLANG_WARN_DOCUMENTATION_COMMENTS = YES;
				CLANG_WARN_EMPTY_BODY = YES;
				CLANG_WARN_ENUM_CONVERSION = YES;
				CLANG_WARN_INFINITE_RECURSION = YES;
				CLANG_WARN_INT_CONVERSION = YES;
				CLANG_WARN_NON_LITERAL_NULL_CONVERSION = YES;
				CLANG_WARN_OBJC_IMPLICIT_RETAIN_SELF = YES;
				CLANG_WARN_OBJC_LITERAL_CONVERSION = YES;
				CLANG_WARN_OBJC_ROOT_CLASS = YES_ERROR;
				CLANG_WARN_RANGE_LOOP_ANALYSIS = YES;
				CLANG_WARN_STRICT_PROTOTYPES = YES;
				CLANG_WARN_SUSPICIOUS_MOVE = YES;
				CLANG_WARN_UNGUARDED_AVAILABILITY = YES_AGGRESSIVE;
				CLANG_WARN_UNREACHABLE_CODE = YES;
				CLANG_WARN__DUPLICATE_METHOD_MATCH = YES;
				CODE_SIGN_IDENTITY = "iPhone Developer";
				COPY_PHASE_STRIP = NO;
				DEBUG_INFORMATION_FORMAT = "dwarf-with-dsym";
				ENABLE_NS_ASSERTIONS = NO;
				ENABLE_STRICT_OBJC_MSGSEND = YES;
				GCC_C_LANGUAGE_STANDARD = gnu11;
				GCC_NO_COMMON_BLOCKS = YES;
				GCC_WARN_64_TO_32_BIT_CONVERSION = YES;
				GCC_WARN_ABOUT_RETURN_TYPE = YES_ERROR;
				GCC_WARN_UNDECLARED_SELECTOR = YES;
				GCC_WARN_UNINITIALIZED_AUTOS = YES_AGGRESSIVE;
				GCC_WARN_UNUSED_FUNCTION = YES;
				GCC_WARN_UNUSED_VARIABLE = YES;
				IPHONEOS_DEPLOYMENT_TARGET = 11.3;
				MTL_ENABLE_DEBUG_INFO = NO;
				SDKROOT = iphoneos;
				SWIFT_COMPILATION_MODE = wholemodule;
				SWIFT_OPTIMIZATION_LEVEL = "-O";
				VALIDATE_PRODUCT = YES;
			};
			name = Release;
		};
		80D505FE20E2307E00313DA5 /* Debug */ = {
			isa = XCBuildConfiguration;
			baseConfigurationReference = 0D8A0B8438205549FDAA3B80 /* Pods-Creative_mind_task2.debug.xcconfig */;
			buildSettings = {
				ASSETCATALOG_COMPILER_APPICON_NAME = AppIcon;
				CODE_SIGN_STYLE = Automatic;
				DEVELOPMENT_TEAM = MU6FK3PG77;
				INFOPLIST_FILE = Creative_mind_task2/Info.plist;
				LD_RUNPATH_SEARCH_PATHS = (
					"$(inherited)",
					"@executable_path/Frameworks",
				);
				PRODUCT_BUNDLE_IDENTIFIER = "com.example.Creative-mind-task2";
				PRODUCT_NAME = "$(TARGET_NAME)";
				SWIFT_VERSION = 4.0;
				TARGETED_DEVICE_FAMILY = "1,2";
			};
			name = Debug;
		};
		80D505FF20E2307E00313DA5 /* Release */ = {
			isa = XCBuildConfiguration;
			baseConfigurationReference = C6E20B81784BD0FBAA38D59F /* Pods-Creative_mind_task2.release.xcconfig */;
			buildSettings = {
				ASSETCATALOG_COMPILER_APPICON_NAME = AppIcon;
				CODE_SIGN_STYLE = Automatic;
				DEVELOPMENT_TEAM = MU6FK3PG77;
				INFOPLIST_FILE = Creative_mind_task2/Info.plist;
				LD_RUNPATH_SEARCH_PATHS = (
					"$(inherited)",
					"@executable_path/Frameworks",
				);
				PRODUCT_BUNDLE_IDENTIFIER = "com.example.Creative-mind-task2";
				PRODUCT_NAME = "$(TARGET_NAME)";
				SWIFT_VERSION = 4.0;
				TARGETED_DEVICE_FAMILY = "1,2";
			};
			name = Release;
		};
/* End XCBuildConfiguration section */

/* Begin XCConfigurationList section */
		80D505E620E2307C00313DA5 /* Build configuration list for PBXProject "Creative_mind_task2" */ = {
			isa = XCConfigurationList;
			buildConfigurations = (
				80D505FB20E2307E00313DA5 /* Debug */,
				80D505FC20E2307E00313DA5 /* Release */,
			);
			defaultConfigurationIsVisible = 0;
			defaultConfigurationName = Release;
		};
		80D505FD20E2307E00313DA5 /* Build configuration list for PBXNativeTarget "Creative_mind_task2" */ = {
			isa = XCConfigurationList;
			buildConfigurations = (
				80D505FE20E2307E00313DA5 /* Debug */,
				80D505FF20E2307E00313DA5 /* Release */,
			);
			defaultConfigurationIsVisible = 0;
			defaultConfigurationName = Release;
		};
/* End XCConfigurationList section */
	};
	rootObject = 80D505E320E2307C00313DA5 /* Project object */;
}
